// !$*UTF8*$!
{
	archiveVersion = 1;
	classes = {
	};
	objectVersion = 46;
	objects = {

/* Begin PBXBuildFile section */
		4C0493C91D0BB60F0007BD2C /* MHAppDelegate.swift in Sources */ = {isa = PBXBuildFile; fileRef = 4C0493C81D0BB60F0007BD2C /* MHAppDelegate.swift */; };
		4C0493CB1D0BB60F0007BD2C /* MHViewController.swift in Sources */ = {isa = PBXBuildFile; fileRef = 4C0493CA1D0BB60F0007BD2C /* MHViewController.swift */; };
		4C0493CE1D0BB60F0007BD2C /* Main.storyboard in Resources */ = {isa = PBXBuildFile; fileRef = 4C0493CC1D0BB60F0007BD2C /* Main.storyboard */; };
		4C0493D01D0BB60F0007BD2C /* Assets.xcassets in Resources */ = {isa = PBXBuildFile; fileRef = 4C0493CF1D0BB60F0007BD2C /* Assets.xcassets */; };
		4C0493D31D0BB60F0007BD2C /* LaunchScreen.storyboard in Resources */ = {isa = PBXBuildFile; fileRef = 4C0493D11D0BB60F0007BD2C /* LaunchScreen.storyboard */; };
		4C0493DE1D0BB60F0007BD2C /* V_A_P_O_R_B_O_A_R_DTests.swift in Sources */ = {isa = PBXBuildFile; fileRef = 4C0493DD1D0BB60F0007BD2C /* V_A_P_O_R_B_O_A_R_DTests.swift */; };
		4C0493E91D0BB60F0007BD2C /* V_A_P_O_R_B_O_A_R_DUITests.swift in Sources */ = {isa = PBXBuildFile; fileRef = 4C0493E81D0BB60F0007BD2C /* V_A_P_O_R_B_O_A_R_DUITests.swift */; };
		4C0493FD1D0BB6A60007BD2C /* MHKeyboardViewController.swift in Sources */ = {isa = PBXBuildFile; fileRef = 4C0493FC1D0BB6A60007BD2C /* MHKeyboardViewController.swift */; };
		4C0494011D0BB6A60007BD2C /* K E Y B O A R D.appex in Embed App Extensions */ = {isa = PBXBuildFile; fileRef = 4C0493FA1D0BB6A60007BD2C /* K E Y B O A R D.appex */; settings = {ATTRIBUTES = (RemoveHeadersOnCopy, ); }; };
		4C04940D1D0BC6C30007BD2C /* K E Y B O A R D   V I E W.xib in Resources */ = {isa = PBXBuildFile; fileRef = 4C04940C1D0BC6C30007BD2C /* K E Y B O A R D   V I E W.xib */; };
		4C28AF461D19311900ED03F4 /* MHAppearance.swift in Sources */ = {isa = PBXBuildFile; fileRef = 4C28AF451D19311800ED03F4 /* MHAppearance.swift */; };
		4C28AF471D19311900ED03F4 /* MHAppearance.swift in Sources */ = {isa = PBXBuildFile; fileRef = 4C28AF451D19311800ED03F4 /* MHAppearance.swift */; };
		4C307C4E1D2F94AC0061844E /* IQNSArray+Sort.swift in Sources */ = {isa = PBXBuildFile; fileRef = 4C307C381D2F94AC0061844E /* IQNSArray+Sort.swift */; };
		4C307C4F1D2F94AC0061844E /* IQUIScrollView+Additions.swift in Sources */ = {isa = PBXBuildFile; fileRef = 4C307C391D2F94AC0061844E /* IQUIScrollView+Additions.swift */; };
		4C307C501D2F94AC0061844E /* IQUITextFieldView+Additions.swift in Sources */ = {isa = PBXBuildFile; fileRef = 4C307C3A1D2F94AC0061844E /* IQUITextFieldView+Additions.swift */; };
		4C307C511D2F94AC0061844E /* IQUIView+Hierarchy.swift in Sources */ = {isa = PBXBuildFile; fileRef = 4C307C3B1D2F94AC0061844E /* IQUIView+Hierarchy.swift */; };
		4C307C521D2F94AC0061844E /* IQUIViewController+Additions.swift in Sources */ = {isa = PBXBuildFile; fileRef = 4C307C3C1D2F94AC0061844E /* IQUIViewController+Additions.swift */; };
		4C307C531D2F94AC0061844E /* IQUIWindow+Hierarchy.swift in Sources */ = {isa = PBXBuildFile; fileRef = 4C307C3D1D2F94AC0061844E /* IQUIWindow+Hierarchy.swift */; };
		4C307C541D2F94AC0061844E /* IQKeyboardManagerConstants.swift in Sources */ = {isa = PBXBuildFile; fileRef = 4C307C3F1D2F94AC0061844E /* IQKeyboardManagerConstants.swift */; };
		4C307C551D2F94AC0061844E /* IQKeyboardManagerConstantsInternal.swift in Sources */ = {isa = PBXBuildFile; fileRef = 4C307C401D2F94AC0061844E /* IQKeyboardManagerConstantsInternal.swift */; };
		4C307C561D2F94AC0061844E /* IQKeyboardManager.swift in Sources */ = {isa = PBXBuildFile; fileRef = 4C307C411D2F94AC0061844E /* IQKeyboardManager.swift */; };
		4C307C571D2F94AC0061844E /* IQKeyboardReturnKeyHandler.swift in Sources */ = {isa = PBXBuildFile; fileRef = 4C307C431D2F94AC0061844E /* IQKeyboardReturnKeyHandler.swift */; };
		4C307C581D2F94AC0061844E /* IQTextView.swift in Sources */ = {isa = PBXBuildFile; fileRef = 4C307C451D2F94AC0061844E /* IQTextView.swift */; };
		4C307C591D2F94AC0061844E /* IQBarButtonItem.swift in Sources */ = {isa = PBXBuildFile; fileRef = 4C307C471D2F94AC0061844E /* IQBarButtonItem.swift */; };
		4C307C5A1D2F94AC0061844E /* IQPreviousNextView.swift in Sources */ = {isa = PBXBuildFile; fileRef = 4C307C481D2F94AC0061844E /* IQPreviousNextView.swift */; };
		4C307C5B1D2F94AC0061844E /* IQTitleBarButtonItem.swift in Sources */ = {isa = PBXBuildFile; fileRef = 4C307C491D2F94AC0061844E /* IQTitleBarButtonItem.swift */; };
		4C307C5C1D2F94AC0061844E /* IQToolbar.swift in Sources */ = {isa = PBXBuildFile; fileRef = 4C307C4A1D2F94AC0061844E /* IQToolbar.swift */; };
		4C307C5D1D2F94AC0061844E /* IQUIView+IQKeyboardToolbar.swift in Sources */ = {isa = PBXBuildFile; fileRef = 4C307C4B1D2F94AC0061844E /* IQUIView+IQKeyboardToolbar.swift */; };
		4C307C5E1D2F94AC0061844E /* IQKeyboardManager.bundle in Resources */ = {isa = PBXBuildFile; fileRef = 4C307C4D1D2F94AC0061844E /* IQKeyboardManager.bundle */; };
		4C5CC5101D1BAE9F00DE5816 /* Assets.xcassets in Resources */ = {isa = PBXBuildFile; fileRef = 4C0493CF1D0BB60F0007BD2C /* Assets.xcassets */; };
		4CEC697D1D2091920023F9A5 /* M U S I C.mp3 in Resources */ = {isa = PBXBuildFile; fileRef = 4CEC697C1D2091920023F9A5 /* M U S I C.mp3 */; };
		4CEC69801D2091D40023F9A5 /* AVFoundation.framework in Frameworks */ = {isa = PBXBuildFile; fileRef = 4CEC697F1D2091D40023F9A5 /* AVFoundation.framework */; };
/* End PBXBuildFile section */

/* Begin PBXContainerItemProxy section */
		4C0493DA1D0BB60F0007BD2C /* PBXContainerItemProxy */ = {
			isa = PBXContainerItemProxy;
			containerPortal = 4C0493BD1D0BB60F0007BD2C /* Project object */;
			proxyType = 1;
			remoteGlobalIDString = 4C0493C41D0BB60F0007BD2C;
			remoteInfo = "V A P O R B O A R D";
		};
		4C0493E51D0BB60F0007BD2C /* PBXContainerItemProxy */ = {
			isa = PBXContainerItemProxy;
			containerPortal = 4C0493BD1D0BB60F0007BD2C /* Project object */;
			proxyType = 1;
			remoteGlobalIDString = 4C0493C41D0BB60F0007BD2C;
			remoteInfo = "V A P O R B O A R D";
		};
		4C0493FF1D0BB6A60007BD2C /* PBXContainerItemProxy */ = {
			isa = PBXContainerItemProxy;
			containerPortal = 4C0493BD1D0BB60F0007BD2C /* Project object */;
			proxyType = 1;
			remoteGlobalIDString = 4C0493F91D0BB6A60007BD2C;
			remoteInfo = "K E Y B O A R D";
		};
/* End PBXContainerItemProxy section */

/* Begin PBXCopyFilesBuildPhase section */
		4C0494051D0BB6A70007BD2C /* Embed App Extensions */ = {
			isa = PBXCopyFilesBuildPhase;
			buildActionMask = 2147483647;
			dstPath = "";
			dstSubfolderSpec = 13;
			files = (
				4C0494011D0BB6A60007BD2C /* K E Y B O A R D.appex in Embed App Extensions */,
			);
			name = "Embed App Extensions";
			runOnlyForDeploymentPostprocessing = 0;
		};
/* End PBXCopyFilesBuildPhase section */

/* Begin PBXFileReference section */
		4C0493C51D0BB60F0007BD2C /* V A P O R B O A R D.app */ = {isa = PBXFileReference; explicitFileType = wrapper.application; includeInIndex = 0; path = "V A P O R B O A R D.app"; sourceTree = BUILT_PRODUCTS_DIR; };
		4C0493C81D0BB60F0007BD2C /* MHAppDelegate.swift */ = {isa = PBXFileReference; lastKnownFileType = sourcecode.swift; path = MHAppDelegate.swift; sourceTree = "<group>"; };
		4C0493CA1D0BB60F0007BD2C /* MHViewController.swift */ = {isa = PBXFileReference; lastKnownFileType = sourcecode.swift; path = MHViewController.swift; sourceTree = "<group>"; };
		4C0493CD1D0BB60F0007BD2C /* Base */ = {isa = PBXFileReference; lastKnownFileType = file.storyboard; name = Base; path = Base.lproj/Main.storyboard; sourceTree = "<group>"; };
		4C0493CF1D0BB60F0007BD2C /* Assets.xcassets */ = {isa = PBXFileReference; lastKnownFileType = folder.assetcatalog; path = Assets.xcassets; sourceTree = "<group>"; };
		4C0493D21D0BB60F0007BD2C /* Base */ = {isa = PBXFileReference; lastKnownFileType = file.storyboard; name = Base; path = Base.lproj/LaunchScreen.storyboard; sourceTree = "<group>"; };
		4C0493D41D0BB60F0007BD2C /* Info.plist */ = {isa = PBXFileReference; lastKnownFileType = text.plist.xml; path = Info.plist; sourceTree = "<group>"; };
		4C0493D91D0BB60F0007BD2C /* V A P O R B O A R DTests.xctest */ = {isa = PBXFileReference; explicitFileType = wrapper.cfbundle; includeInIndex = 0; path = "V A P O R B O A R DTests.xctest"; sourceTree = BUILT_PRODUCTS_DIR; };
		4C0493DD1D0BB60F0007BD2C /* V_A_P_O_R_B_O_A_R_DTests.swift */ = {isa = PBXFileReference; lastKnownFileType = sourcecode.swift; path = V_A_P_O_R_B_O_A_R_DTests.swift; sourceTree = "<group>"; };
		4C0493DF1D0BB60F0007BD2C /* Info.plist */ = {isa = PBXFileReference; lastKnownFileType = text.plist.xml; path = Info.plist; sourceTree = "<group>"; };
		4C0493E41D0BB60F0007BD2C /* V A P O R B O A R DUITests.xctest */ = {isa = PBXFileReference; explicitFileType = wrapper.cfbundle; includeInIndex = 0; path = "V A P O R B O A R DUITests.xctest"; sourceTree = BUILT_PRODUCTS_DIR; };
		4C0493E81D0BB60F0007BD2C /* V_A_P_O_R_B_O_A_R_DUITests.swift */ = {isa = PBXFileReference; lastKnownFileType = sourcecode.swift; path = V_A_P_O_R_B_O_A_R_DUITests.swift; sourceTree = "<group>"; };
		4C0493EA1D0BB60F0007BD2C /* Info.plist */ = {isa = PBXFileReference; lastKnownFileType = text.plist.xml; path = Info.plist; sourceTree = "<group>"; };
		4C0493FA1D0BB6A60007BD2C /* K E Y B O A R D.appex */ = {isa = PBXFileReference; explicitFileType = "wrapper.app-extension"; includeInIndex = 0; path = "K E Y B O A R D.appex"; sourceTree = BUILT_PRODUCTS_DIR; };
		4C0493FC1D0BB6A60007BD2C /* MHKeyboardViewController.swift */ = {isa = PBXFileReference; lastKnownFileType = sourcecode.swift; path = MHKeyboardViewController.swift; sourceTree = "<group>"; };
		4C0493FE1D0BB6A60007BD2C /* Info.plist */ = {isa = PBXFileReference; lastKnownFileType = text.plist.xml; path = Info.plist; sourceTree = "<group>"; };
		4C04940C1D0BC6C30007BD2C /* K E Y B O A R D   V I E W.xib */ = {isa = PBXFileReference; fileEncoding = 4; lastKnownFileType = file.xib; path = "K E Y B O A R D   V I E W.xib"; sourceTree = "<group>"; };
		4C28AF451D19311800ED03F4 /* MHAppearance.swift */ = {isa = PBXFileReference; fileEncoding = 4; lastKnownFileType = sourcecode.swift; path = MHAppearance.swift; sourceTree = "<group>"; };
		4C307C381D2F94AC0061844E /* IQNSArray+Sort.swift */ = {isa = PBXFileReference; fileEncoding = 4; lastKnownFileType = sourcecode.swift; path = "IQNSArray+Sort.swift"; sourceTree = "<group>"; };
		4C307C391D2F94AC0061844E /* IQUIScrollView+Additions.swift */ = {isa = PBXFileReference; fileEncoding = 4; lastKnownFileType = sourcecode.swift; path = "IQUIScrollView+Additions.swift"; sourceTree = "<group>"; };
		4C307C3A1D2F94AC0061844E /* IQUITextFieldView+Additions.swift */ = {isa = PBXFileReference; fileEncoding = 4; lastKnownFileType = sourcecode.swift; path = "IQUITextFieldView+Additions.swift"; sourceTree = "<group>"; };
		4C307C3B1D2F94AC0061844E /* IQUIView+Hierarchy.swift */ = {isa = PBXFileReference; fileEncoding = 4; lastKnownFileType = sourcecode.swift; path = "IQUIView+Hierarchy.swift"; sourceTree = "<group>"; };
		4C307C3C1D2F94AC0061844E /* IQUIViewController+Additions.swift */ = {isa = PBXFileReference; fileEncoding = 4; lastKnownFileType = sourcecode.swift; path = "IQUIViewController+Additions.swift"; sourceTree = "<group>"; };
		4C307C3D1D2F94AC0061844E /* IQUIWindow+Hierarchy.swift */ = {isa = PBXFileReference; fileEncoding = 4; lastKnownFileType = sourcecode.swift; path = "IQUIWindow+Hierarchy.swift"; sourceTree = "<group>"; };
		4C307C3F1D2F94AC0061844E /* IQKeyboardManagerConstants.swift */ = {isa = PBXFileReference; fileEncoding = 4; lastKnownFileType = sourcecode.swift; path = IQKeyboardManagerConstants.swift; sourceTree = "<group>"; };
		4C307C401D2F94AC0061844E /* IQKeyboardManagerConstantsInternal.swift */ = {isa = PBXFileReference; fileEncoding = 4; lastKnownFileType = sourcecode.swift; path = IQKeyboardManagerConstantsInternal.swift; sourceTree = "<group>"; };
		4C307C411D2F94AC0061844E /* IQKeyboardManager.swift */ = {isa = PBXFileReference; fileEncoding = 4; lastKnownFileType = sourcecode.swift; path = IQKeyboardManager.swift; sourceTree = "<group>"; };
		4C307C421D2F94AC0061844E /* IQKeyboardManagerSwift.h */ = {isa = PBXFileReference; fileEncoding = 4; lastKnownFileType = sourcecode.c.h; path = IQKeyboardManagerSwift.h; sourceTree = "<group>"; };
		4C307C431D2F94AC0061844E /* IQKeyboardReturnKeyHandler.swift */ = {isa = PBXFileReference; fileEncoding = 4; lastKnownFileType = sourcecode.swift; path = IQKeyboardReturnKeyHandler.swift; sourceTree = "<group>"; };
		4C307C451D2F94AC0061844E /* IQTextView.swift */ = {isa = PBXFileReference; fileEncoding = 4; lastKnownFileType = sourcecode.swift; path = IQTextView.swift; sourceTree = "<group>"; };
		4C307C471D2F94AC0061844E /* IQBarButtonItem.swift */ = {isa = PBXFileReference; fileEncoding = 4; lastKnownFileType = sourcecode.swift; path = IQBarButtonItem.swift; sourceTree = "<group>"; };
		4C307C481D2F94AC0061844E /* IQPreviousNextView.swift */ = {isa = PBXFileReference; fileEncoding = 4; lastKnownFileType = sourcecode.swift; path = IQPreviousNextView.swift; sourceTree = "<group>"; };
		4C307C491D2F94AC0061844E /* IQTitleBarButtonItem.swift */ = {isa = PBXFileReference; fileEncoding = 4; lastKnownFileType = sourcecode.swift; path = IQTitleBarButtonItem.swift; sourceTree = "<group>"; };
		4C307C4A1D2F94AC0061844E /* IQToolbar.swift */ = {isa = PBXFileReference; fileEncoding = 4; lastKnownFileType = sourcecode.swift; path = IQToolbar.swift; sourceTree = "<group>"; };
		4C307C4B1D2F94AC0061844E /* IQUIView+IQKeyboardToolbar.swift */ = {isa = PBXFileReference; fileEncoding = 4; lastKnownFileType = sourcecode.swift; path = "IQUIView+IQKeyboardToolbar.swift"; sourceTree = "<group>"; };
		4C307C4D1D2F94AC0061844E /* IQKeyboardManager.bundle */ = {isa = PBXFileReference; lastKnownFileType = "wrapper.plug-in"; path = IQKeyboardManager.bundle; sourceTree = "<group>"; };
		4CEC697C1D2091920023F9A5 /* M U S I C.mp3 */ = {isa = PBXFileReference; lastKnownFileType = audio.mp3; path = "M U S I C.mp3"; sourceTree = "<group>"; };
		4CEC697F1D2091D40023F9A5 /* AVFoundation.framework */ = {isa = PBXFileReference; lastKnownFileType = wrapper.framework; name = AVFoundation.framework; path = System/Library/Frameworks/AVFoundation.framework; sourceTree = SDKROOT; };
/* End PBXFileReference section */

/* Begin PBXFrameworksBuildPhase section */
		4C0493C21D0BB60F0007BD2C /* Frameworks */ = {
			isa = PBXFrameworksBuildPhase;
			buildActionMask = 2147483647;
			files = (
				4CEC69801D2091D40023F9A5 /* AVFoundation.framework in Frameworks */,
			);
			runOnlyForDeploymentPostprocessing = 0;
		};
		4C0493D61D0BB60F0007BD2C /* Frameworks */ = {
			isa = PBXFrameworksBuildPhase;
			buildActionMask = 2147483647;
			files = (
			);
			runOnlyForDeploymentPostprocessing = 0;
		};
		4C0493E11D0BB60F0007BD2C /* Frameworks */ = {
			isa = PBXFrameworksBuildPhase;
			buildActionMask = 2147483647;
			files = (
			);
			runOnlyForDeploymentPostprocessing = 0;
		};
		4C0493F71D0BB6A60007BD2C /* Frameworks */ = {
			isa = PBXFrameworksBuildPhase;
			buildActionMask = 2147483647;
			files = (
			);
			runOnlyForDeploymentPostprocessing = 0;
		};
/* End PBXFrameworksBuildPhase section */

/* Begin PBXGroup section */
		4C0493BC1D0BB60F0007BD2C = {
			isa = PBXGroup;
			children = (
				4C0493C71D0BB60F0007BD2C /* V A P O R B O A R D */,
				4C0493DC1D0BB60F0007BD2C /* V A P O R B O A R DTests */,
				4C0493E71D0BB60F0007BD2C /* V A P O R B O A R DUITests */,
				4C0493FB1D0BB6A60007BD2C /* K E Y B O A R D */,
				4C0493C61D0BB60F0007BD2C /* Products */,
				4CEC697E1D2091D40023F9A5 /* Frameworks */,
			);
			sourceTree = "<group>";
		};
		4C0493C61D0BB60F0007BD2C /* Products */ = {
			isa = PBXGroup;
			children = (
				4C0493C51D0BB60F0007BD2C /* V A P O R B O A R D.app */,
				4C0493D91D0BB60F0007BD2C /* V A P O R B O A R DTests.xctest */,
				4C0493E41D0BB60F0007BD2C /* V A P O R B O A R DUITests.xctest */,
				4C0493FA1D0BB6A60007BD2C /* K E Y B O A R D.appex */,
			);
			name = Products;
			sourceTree = "<group>";
		};
		4C0493C71D0BB60F0007BD2C /* V A P O R B O A R D */ = {
			isa = PBXGroup;
			children = (
				4C0493C81D0BB60F0007BD2C /* MHAppDelegate.swift */,
				4C0493CA1D0BB60F0007BD2C /* MHViewController.swift */,
				4C0493CC1D0BB60F0007BD2C /* Main.storyboard */,
				4C0493CF1D0BB60F0007BD2C /* Assets.xcassets */,
				4C0493D11D0BB60F0007BD2C /* LaunchScreen.storyboard */,
				4C0493D41D0BB60F0007BD2C /* Info.plist */,
				4CEC697C1D2091920023F9A5 /* M U S I C.mp3 */,
				4C307C361D2F94AC0061844E /* IQKeyboardManager */,
			);
			path = "V A P O R B O A R D";
			sourceTree = "<group>";
		};
		4C0493DC1D0BB60F0007BD2C /* V A P O R B O A R DTests */ = {
			isa = PBXGroup;
			children = (
				4C0493DD1D0BB60F0007BD2C /* V_A_P_O_R_B_O_A_R_DTests.swift */,
				4C0493DF1D0BB60F0007BD2C /* Info.plist */,
			);
			path = "V A P O R B O A R DTests";
			sourceTree = "<group>";
		};
		4C0493E71D0BB60F0007BD2C /* V A P O R B O A R DUITests */ = {
			isa = PBXGroup;
			children = (
				4C0493E81D0BB60F0007BD2C /* V_A_P_O_R_B_O_A_R_DUITests.swift */,
				4C0493EA1D0BB60F0007BD2C /* Info.plist */,
			);
			path = "V A P O R B O A R DUITests";
			sourceTree = "<group>";
		};
		4C0493FB1D0BB6A60007BD2C /* K E Y B O A R D */ = {
			isa = PBXGroup;
			children = (
				4C0493FC1D0BB6A60007BD2C /* MHKeyboardViewController.swift */,
				4C28AF451D19311800ED03F4 /* MHAppearance.swift */,
				4C04940C1D0BC6C30007BD2C /* K E Y B O A R D   V I E W.xib */,
				4C0493FE1D0BB6A60007BD2C /* Info.plist */,
			);
			path = "K E Y B O A R D";
			sourceTree = "<group>";
		};
		4C307C361D2F94AC0061844E /* IQKeyboardManager */ = {
			isa = PBXGroup;
			children = (
				4C307C371D2F94AC0061844E /* Categories */,
				4C307C3E1D2F94AC0061844E /* Constants */,
				4C307C411D2F94AC0061844E /* IQKeyboardManager.swift */,
				4C307C421D2F94AC0061844E /* IQKeyboardManagerSwift.h */,
				4C307C431D2F94AC0061844E /* IQKeyboardReturnKeyHandler.swift */,
				4C307C441D2F94AC0061844E /* IQTextView */,
				4C307C461D2F94AC0061844E /* IQToolbar */,
				4C307C4C1D2F94AC0061844E /* Resources */,
			);
			name = IQKeyboardManager;
			path = IQKeyboardManagerSwift;
			sourceTree = "<group>";
		};
		4C307C371D2F94AC0061844E /* Categories */ = {
			isa = PBXGroup;
			children = (
				4C307C381D2F94AC0061844E /* IQNSArray+Sort.swift */,
				4C307C391D2F94AC0061844E /* IQUIScrollView+Additions.swift */,
				4C307C3A1D2F94AC0061844E /* IQUITextFieldView+Additions.swift */,
				4C307C3B1D2F94AC0061844E /* IQUIView+Hierarchy.swift */,
				4C307C3C1D2F94AC0061844E /* IQUIViewController+Additions.swift */,
				4C307C3D1D2F94AC0061844E /* IQUIWindow+Hierarchy.swift */,
			);
			path = Categories;
			sourceTree = "<group>";
		};
		4C307C3E1D2F94AC0061844E /* Constants */ = {
			isa = PBXGroup;
			children = (
				4C307C3F1D2F94AC0061844E /* IQKeyboardManagerConstants.swift */,
				4C307C401D2F94AC0061844E /* IQKeyboardManagerConstantsInternal.swift */,
			);
			path = Constants;
			sourceTree = "<group>";
		};
		4C307C441D2F94AC0061844E /* IQTextView */ = {
			isa = PBXGroup;
			children = (
				4C307C451D2F94AC0061844E /* IQTextView.swift */,
			);
			path = IQTextView;
			sourceTree = "<group>";
		};
		4C307C461D2F94AC0061844E /* IQToolbar */ = {
			isa = PBXGroup;
			children = (
				4C307C471D2F94AC0061844E /* IQBarButtonItem.swift */,
				4C307C481D2F94AC0061844E /* IQPreviousNextView.swift */,
				4C307C491D2F94AC0061844E /* IQTitleBarButtonItem.swift */,
				4C307C4A1D2F94AC0061844E /* IQToolbar.swift */,
				4C307C4B1D2F94AC0061844E /* IQUIView+IQKeyboardToolbar.swift */,
			);
			path = IQToolbar;
			sourceTree = "<group>";
		};
		4C307C4C1D2F94AC0061844E /* Resources */ = {
			isa = PBXGroup;
			children = (
				4C307C4D1D2F94AC0061844E /* IQKeyboardManager.bundle */,
			);
			path = Resources;
			sourceTree = "<group>";
		};
		4CEC697E1D2091D40023F9A5 /* Frameworks */ = {
			isa = PBXGroup;
			children = (
				4CEC697F1D2091D40023F9A5 /* AVFoundation.framework */,
			);
			name = Frameworks;
			sourceTree = "<group>";
		};
/* End PBXGroup section */

/* Begin PBXNativeTarget section */
		4C0493C41D0BB60F0007BD2C /* V A P O R B O A R D */ = {
			isa = PBXNativeTarget;
			buildConfigurationList = 4C0493ED1D0BB60F0007BD2C /* Build configuration list for PBXNativeTarget "V A P O R B O A R D" */;
			buildPhases = (
				4C0493C11D0BB60F0007BD2C /* Sources */,
				4C0493C21D0BB60F0007BD2C /* Frameworks */,
				4C0493C31D0BB60F0007BD2C /* Resources */,
				4C0494051D0BB6A70007BD2C /* Embed App Extensions */,
			);
			buildRules = (
			);
			dependencies = (
				4C0494001D0BB6A60007BD2C /* PBXTargetDependency */,
			);
			name = "V A P O R B O A R D";
			productName = "V A P O R B O A R D";
			productReference = 4C0493C51D0BB60F0007BD2C /* V A P O R B O A R D.app */;
			productType = "com.apple.product-type.application";
		};
		4C0493D81D0BB60F0007BD2C /* V A P O R B O A R DTests */ = {
			isa = PBXNativeTarget;
			buildConfigurationList = 4C0493F01D0BB60F0007BD2C /* Build configuration list for PBXNativeTarget "V A P O R B O A R DTests" */;
			buildPhases = (
				4C0493D51D0BB60F0007BD2C /* Sources */,
				4C0493D61D0BB60F0007BD2C /* Frameworks */,
				4C0493D71D0BB60F0007BD2C /* Resources */,
			);
			buildRules = (
			);
			dependencies = (
				4C0493DB1D0BB60F0007BD2C /* PBXTargetDependency */,
			);
			name = "V A P O R B O A R DTests";
			productName = "V A P O R B O A R DTests";
			productReference = 4C0493D91D0BB60F0007BD2C /* V A P O R B O A R DTests.xctest */;
			productType = "com.apple.product-type.bundle.unit-test";
		};
		4C0493E31D0BB60F0007BD2C /* V A P O R B O A R DUITests */ = {
			isa = PBXNativeTarget;
			buildConfigurationList = 4C0493F31D0BB60F0007BD2C /* Build configuration list for PBXNativeTarget "V A P O R B O A R DUITests" */;
			buildPhases = (
				4C0493E01D0BB60F0007BD2C /* Sources */,
				4C0493E11D0BB60F0007BD2C /* Frameworks */,
				4C0493E21D0BB60F0007BD2C /* Resources */,
			);
			buildRules = (
			);
			dependencies = (
				4C0493E61D0BB60F0007BD2C /* PBXTargetDependency */,
			);
			name = "V A P O R B O A R DUITests";
			productName = "V A P O R B O A R DUITests";
			productReference = 4C0493E41D0BB60F0007BD2C /* V A P O R B O A R DUITests.xctest */;
			productType = "com.apple.product-type.bundle.ui-testing";
		};
		4C0493F91D0BB6A60007BD2C /* K E Y B O A R D */ = {
			isa = PBXNativeTarget;
			buildConfigurationList = 4C0494021D0BB6A70007BD2C /* Build configuration list for PBXNativeTarget "K E Y B O A R D" */;
			buildPhases = (
				4C0493F61D0BB6A60007BD2C /* Sources */,
				4C0493F71D0BB6A60007BD2C /* Frameworks */,
				4C0493F81D0BB6A60007BD2C /* Resources */,
			);
			buildRules = (
			);
			dependencies = (
			);
			name = "K E Y B O A R D";
			productName = "K E Y B O A R D";
			productReference = 4C0493FA1D0BB6A60007BD2C /* K E Y B O A R D.appex */;
			productType = "com.apple.product-type.app-extension";
		};
/* End PBXNativeTarget section */

/* Begin PBXProject section */
		4C0493BD1D0BB60F0007BD2C /* Project object */ = {
			isa = PBXProject;
			attributes = {
				CLASSPREFIX = MH;
				LastSwiftUpdateCheck = 0730;
				LastUpgradeCheck = 0800;
				ORGANIZATIONNAME = "Michael Hulet";
				TargetAttributes = {
					4C0493C41D0BB60F0007BD2C = {
						CreatedOnToolsVersion = 7.3.1;
						DevelopmentTeam = K3ZLWH83BT;
						LastSwiftMigration = 0800;
					};
					4C0493D81D0BB60F0007BD2C = {
						CreatedOnToolsVersion = 7.3.1;
						TestTargetID = 4C0493C41D0BB60F0007BD2C;
					};
					4C0493E31D0BB60F0007BD2C = {
						CreatedOnToolsVersion = 7.3.1;
						TestTargetID = 4C0493C41D0BB60F0007BD2C;
					};
					4C0493F91D0BB6A60007BD2C = {
						CreatedOnToolsVersion = 7.3.1;
						DevelopmentTeam = K3ZLWH83BT;
						LastSwiftMigration = 0800;
					};
				};
			};
			buildConfigurationList = 4C0493C01D0BB60F0007BD2C /* Build configuration list for PBXProject "V A P O R B O A R D" */;
			compatibilityVersion = "Xcode 3.2";
			developmentRegion = English;
			hasScannedForEncodings = 0;
			knownRegions = (
				en,
				Base,
			);
			mainGroup = 4C0493BC1D0BB60F0007BD2C;
			productRefGroup = 4C0493C61D0BB60F0007BD2C /* Products */;
			projectDirPath = "";
			projectRoot = "";
			targets = (
				4C0493C41D0BB60F0007BD2C /* V A P O R B O A R D */,
				4C0493D81D0BB60F0007BD2C /* V A P O R B O A R DTests */,
				4C0493E31D0BB60F0007BD2C /* V A P O R B O A R DUITests */,
				4C0493F91D0BB6A60007BD2C /* K E Y B O A R D */,
			);
		};
/* End PBXProject section */

/* Begin PBXResourcesBuildPhase section */
		4C0493C31D0BB60F0007BD2C /* Resources */ = {
			isa = PBXResourcesBuildPhase;
			buildActionMask = 2147483647;
			files = (
				4C307C5E1D2F94AC0061844E /* IQKeyboardManager.bundle in Resources */,
				4CEC697D1D2091920023F9A5 /* M U S I C.mp3 in Resources */,
				4C0493D31D0BB60F0007BD2C /* LaunchScreen.storyboard in Resources */,
				4C0493D01D0BB60F0007BD2C /* Assets.xcassets in Resources */,
				4C0493CE1D0BB60F0007BD2C /* Main.storyboard in Resources */,
			);
			runOnlyForDeploymentPostprocessing = 0;
		};
		4C0493D71D0BB60F0007BD2C /* Resources */ = {
			isa = PBXResourcesBuildPhase;
			buildActionMask = 2147483647;
			files = (
			);
			runOnlyForDeploymentPostprocessing = 0;
		};
		4C0493E21D0BB60F0007BD2C /* Resources */ = {
			isa = PBXResourcesBuildPhase;
			buildActionMask = 2147483647;
			files = (
			);
			runOnlyForDeploymentPostprocessing = 0;
		};
		4C0493F81D0BB6A60007BD2C /* Resources */ = {
			isa = PBXResourcesBuildPhase;
			buildActionMask = 2147483647;
			files = (
				4C5CC5101D1BAE9F00DE5816 /* Assets.xcassets in Resources */,
				4C04940D1D0BC6C30007BD2C /* K E Y B O A R D   V I E W.xib in Resources */,
			);
			runOnlyForDeploymentPostprocessing = 0;
		};
/* End PBXResourcesBuildPhase section */

/* Begin PBXSourcesBuildPhase section */
		4C0493C11D0BB60F0007BD2C /* Sources */ = {
			isa = PBXSourcesBuildPhase;
			buildActionMask = 2147483647;
			files = (
				4C307C511D2F94AC0061844E /* IQUIView+Hierarchy.swift in Sources */,
				4C307C541D2F94AC0061844E /* IQKeyboardManagerConstants.swift in Sources */,
				4C307C5C1D2F94AC0061844E /* IQToolbar.swift in Sources */,
				4C307C571D2F94AC0061844E /* IQKeyboardReturnKeyHandler.swift in Sources */,
				4C0493CB1D0BB60F0007BD2C /* MHViewController.swift in Sources */,
				4C307C4E1D2F94AC0061844E /* IQNSArray+Sort.swift in Sources */,
				4C307C581D2F94AC0061844E /* IQTextView.swift in Sources */,
				4C307C561D2F94AC0061844E /* IQKeyboardManager.swift in Sources */,
				4C307C521D2F94AC0061844E /* IQUIViewController+Additions.swift in Sources */,
				4C28AF461D19311900ED03F4 /* MHAppearance.swift in Sources */,
				4C307C5B1D2F94AC0061844E /* IQTitleBarButtonItem.swift in Sources */,
				4C307C531D2F94AC0061844E /* IQUIWindow+Hierarchy.swift in Sources */,
				4C307C591D2F94AC0061844E /* IQBarButtonItem.swift in Sources */,
				4C0493C91D0BB60F0007BD2C /* MHAppDelegate.swift in Sources */,
				4C307C501D2F94AC0061844E /* IQUITextFieldView+Additions.swift in Sources */,
				4C307C4F1D2F94AC0061844E /* IQUIScrollView+Additions.swift in Sources */,
				4C307C5A1D2F94AC0061844E /* IQPreviousNextView.swift in Sources */,
				4C307C5D1D2F94AC0061844E /* IQUIView+IQKeyboardToolbar.swift in Sources */,
				4C307C551D2F94AC0061844E /* IQKeyboardManagerConstantsInternal.swift in Sources */,
			);
			runOnlyForDeploymentPostprocessing = 0;
		};
		4C0493D51D0BB60F0007BD2C /* Sources */ = {
			isa = PBXSourcesBuildPhase;
			buildActionMask = 2147483647;
			files = (
				4C0493DE1D0BB60F0007BD2C /* V_A_P_O_R_B_O_A_R_DTests.swift in Sources */,
			);
			runOnlyForDeploymentPostprocessing = 0;
		};
		4C0493E01D0BB60F0007BD2C /* Sources */ = {
			isa = PBXSourcesBuildPhase;
			buildActionMask = 2147483647;
			files = (
				4C0493E91D0BB60F0007BD2C /* V_A_P_O_R_B_O_A_R_DUITests.swift in Sources */,
			);
			runOnlyForDeploymentPostprocessing = 0;
		};
		4C0493F61D0BB6A60007BD2C /* Sources */ = {
			isa = PBXSourcesBuildPhase;
			buildActionMask = 2147483647;
			files = (
				4C28AF471D19311900ED03F4 /* MHAppearance.swift in Sources */,
				4C0493FD1D0BB6A60007BD2C /* MHKeyboardViewController.swift in Sources */,
			);
			runOnlyForDeploymentPostprocessing = 0;
		};
/* End PBXSourcesBuildPhase section */

/* Begin PBXTargetDependency section */
		4C0493DB1D0BB60F0007BD2C /* PBXTargetDependency */ = {
			isa = PBXTargetDependency;
			target = 4C0493C41D0BB60F0007BD2C /* V A P O R B O A R D */;
			targetProxy = 4C0493DA1D0BB60F0007BD2C /* PBXContainerItemProxy */;
		};
		4C0493E61D0BB60F0007BD2C /* PBXTargetDependency */ = {
			isa = PBXTargetDependency;
			target = 4C0493C41D0BB60F0007BD2C /* V A P O R B O A R D */;
			targetProxy = 4C0493E51D0BB60F0007BD2C /* PBXContainerItemProxy */;
		};
		4C0494001D0BB6A60007BD2C /* PBXTargetDependency */ = {
			isa = PBXTargetDependency;
			target = 4C0493F91D0BB6A60007BD2C /* K E Y B O A R D */;
			targetProxy = 4C0493FF1D0BB6A60007BD2C /* PBXContainerItemProxy */;
		};
/* End PBXTargetDependency section */

/* Begin PBXVariantGroup section */
		4C0493CC1D0BB60F0007BD2C /* Main.storyboard */ = {
			isa = PBXVariantGroup;
			children = (
				4C0493CD1D0BB60F0007BD2C /* Base */,
			);
			name = Main.storyboard;
			sourceTree = "<group>";
		};
		4C0493D11D0BB60F0007BD2C /* LaunchScreen.storyboard */ = {
			isa = PBXVariantGroup;
			children = (
				4C0493D21D0BB60F0007BD2C /* Base */,
			);
			name = LaunchScreen.storyboard;
			sourceTree = "<group>";
		};
/* End PBXVariantGroup section */

/* Begin XCBuildConfiguration section */
		4C0493EB1D0BB60F0007BD2C /* Debug */ = {
			isa = XCBuildConfiguration;
			buildSettings = {
				ALWAYS_SEARCH_USER_PATHS = NO;
				CLANG_ANALYZER_NONNULL = YES;
				CLANG_CXX_LANGUAGE_STANDARD = "gnu++0x";
				CLANG_CXX_LIBRARY = "libc++";
				CLANG_ENABLE_MODULES = YES;
				CLANG_ENABLE_OBJC_ARC = YES;
				CLANG_WARN_BOOL_CONVERSION = YES;
				CLANG_WARN_CONSTANT_CONVERSION = YES;
				CLANG_WARN_DIRECT_OBJC_ISA_USAGE = YES_ERROR;
				CLANG_WARN_EMPTY_BODY = YES;
				CLANG_WARN_ENUM_CONVERSION = YES;
				CLANG_WARN_INT_CONVERSION = YES;
				CLANG_WARN_OBJC_ROOT_CLASS = YES_ERROR;
				CLANG_WARN_UNREACHABLE_CODE = YES;
				CLANG_WARN__DUPLICATE_METHOD_MATCH = YES;
				"CODE_SIGN_IDENTITY[sdk=iphoneos*]" = "iPhone Developer";
				COPY_PHASE_STRIP = NO;
				DEBUG_INFORMATION_FORMAT = dwarf;
				ENABLE_STRICT_OBJC_MSGSEND = YES;
				ENABLE_TESTABILITY = YES;
				GCC_C_LANGUAGE_STANDARD = gnu99;
				GCC_DYNAMIC_NO_PIC = NO;
				GCC_NO_COMMON_BLOCKS = YES;
				GCC_OPTIMIZATION_LEVEL = 0;
				GCC_PREPROCESSOR_DEFINITIONS = (
					"DEBUG=1",
					"$(inherited)",
				);
				GCC_WARN_64_TO_32_BIT_CONVERSION = YES;
				GCC_WARN_ABOUT_RETURN_TYPE = YES_ERROR;
				GCC_WARN_UNDECLARED_SELECTOR = YES;
				GCC_WARN_UNINITIALIZED_AUTOS = YES_AGGRESSIVE;
				GCC_WARN_UNUSED_FUNCTION = YES;
				GCC_WARN_UNUSED_VARIABLE = YES;
				IPHONEOS_DEPLOYMENT_TARGET = 8.0;
				MTL_ENABLE_DEBUG_INFO = YES;
				ONLY_ACTIVE_ARCH = YES;
				SDKROOT = iphoneos;
				SWIFT_OPTIMIZATION_LEVEL = "-Onone";
			};
			name = Debug;
		};
		4C0493EC1D0BB60F0007BD2C /* Release */ = {
			isa = XCBuildConfiguration;
			buildSettings = {
				ALWAYS_SEARCH_USER_PATHS = NO;
				CLANG_ANALYZER_NONNULL = YES;
				CLANG_CXX_LANGUAGE_STANDARD = "gnu++0x";
				CLANG_CXX_LIBRARY = "libc++";
				CLANG_ENABLE_MODULES = YES;
				CLANG_ENABLE_OBJC_ARC = YES;
				CLANG_WARN_BOOL_CONVERSION = YES;
				CLANG_WARN_CONSTANT_CONVERSION = YES;
				CLANG_WARN_DIRECT_OBJC_ISA_USAGE = YES_ERROR;
				CLANG_WARN_EMPTY_BODY = YES;
				CLANG_WARN_ENUM_CONVERSION = YES;
				CLANG_WARN_INT_CONVERSION = YES;
				CLANG_WARN_OBJC_ROOT_CLASS = YES_ERROR;
				CLANG_WARN_UNREACHABLE_CODE = YES;
				CLANG_WARN__DUPLICATE_METHOD_MATCH = YES;
				"CODE_SIGN_IDENTITY[sdk=iphoneos*]" = "iPhone Developer";
				COPY_PHASE_STRIP = NO;
				DEBUG_INFORMATION_FORMAT = "dwarf-with-dsym";
				ENABLE_NS_ASSERTIONS = NO;
				ENABLE_STRICT_OBJC_MSGSEND = YES;
				GCC_C_LANGUAGE_STANDARD = gnu99;
				GCC_NO_COMMON_BLOCKS = YES;
				GCC_WARN_64_TO_32_BIT_CONVERSION = YES;
				GCC_WARN_ABOUT_RETURN_TYPE = YES_ERROR;
				GCC_WARN_UNDECLARED_SELECTOR = YES;
				GCC_WARN_UNINITIALIZED_AUTOS = YES_AGGRESSIVE;
				GCC_WARN_UNUSED_FUNCTION = YES;
				GCC_WARN_UNUSED_VARIABLE = YES;
				IPHONEOS_DEPLOYMENT_TARGET = 8.0;
				MTL_ENABLE_DEBUG_INFO = NO;
				SDKROOT = iphoneos;
				VALIDATE_PRODUCT = YES;
			};
			name = Release;
		};
		4C0493EE1D0BB60F0007BD2C /* Debug */ = {
			isa = XCBuildConfiguration;
			buildSettings = {
				ALWAYS_EMBED_SWIFT_STANDARD_LIBRARIES = YES;
				ASSETCATALOG_COMPILER_APPICON_NAME = AppIcon;
				CODE_SIGN_IDENTITY = "iPhone Developer";
				INFOPLIST_FILE = "V A P O R B O A R D/Info.plist";
				IPHONEOS_DEPLOYMENT_TARGET = 8.0;
				LD_RUNPATH_SEARCH_PATHS = "$(inherited) @executable_path/Frameworks";
				PRODUCT_BUNDLE_IDENTIFIER = "tech.hulet.V-A-P-O-R-B-O-A-R-D";
				PRODUCT_NAME = "$(TARGET_NAME)";
				SWIFT_VERSION = 2.3;
				TARGETED_DEVICE_FAMILY = "1,2";
			};
			name = Debug;
		};
		4C0493EF1D0BB60F0007BD2C /* Release */ = {
			isa = XCBuildConfiguration;
			buildSettings = {
				ALWAYS_EMBED_SWIFT_STANDARD_LIBRARIES = YES;
				ASSETCATALOG_COMPILER_APPICON_NAME = AppIcon;
				CODE_SIGN_IDENTITY = "iPhone Developer";
				INFOPLIST_FILE = "V A P O R B O A R D/Info.plist";
				IPHONEOS_DEPLOYMENT_TARGET = 8.0;
				LD_RUNPATH_SEARCH_PATHS = "$(inherited) @executable_path/Frameworks";
				PRODUCT_BUNDLE_IDENTIFIER = "tech.hulet.V-A-P-O-R-B-O-A-R-D";
				PRODUCT_NAME = "$(TARGET_NAME)";
				SWIFT_OPTIMIZATION_LEVEL = "-Owholemodule";
				SWIFT_VERSION = 2.3;
				TARGETED_DEVICE_FAMILY = "1,2";
			};
			name = Release;
		};
		4C0493F11D0BB60F0007BD2C /* Debug */ = {
			isa = XCBuildConfiguration;
			buildSettings = {
				BUNDLE_LOADER = "$(TEST_HOST)";
				INFOPLIST_FILE = "V A P O R B O A R DTests/Info.plist";
				LD_RUNPATH_SEARCH_PATHS = "$(inherited) @executable_path/Frameworks @loader_path/Frameworks";
				PRODUCT_BUNDLE_IDENTIFIER = "tech.hulet.V-A-P-O-R-B-O-A-R-DTests";
				PRODUCT_NAME = "$(TARGET_NAME)";
				TEST_HOST = "$(BUILT_PRODUCTS_DIR)/V A P O R B O A R D.app/V A P O R B O A R D";
			};
			name = Debug;
		};
		4C0493F21D0BB60F0007BD2C /* Release */ = {
			isa = XCBuildConfiguration;
			buildSettings = {
				BUNDLE_LOADER = "$(TEST_HOST)";
				INFOPLIST_FILE = "V A P O R B O A R DTests/Info.plist";
				LD_RUNPATH_SEARCH_PATHS = "$(inherited) @executable_path/Frameworks @loader_path/Frameworks";
				PRODUCT_BUNDLE_IDENTIFIER = "tech.hulet.V-A-P-O-R-B-O-A-R-DTests";
				PRODUCT_NAME = "$(TARGET_NAME)";
				SWIFT_OPTIMIZATION_LEVEL = "-Owholemodule";
				TEST_HOST = "$(BUILT_PRODUCTS_DIR)/V A P O R B O A R D.app/V A P O R B O A R D";
			};
			name = Release;
		};
		4C0493F41D0BB60F0007BD2C /* Debug */ = {
			isa = XCBuildConfiguration;
			buildSettings = {
				INFOPLIST_FILE = "V A P O R B O A R DUITests/Info.plist";
				LD_RUNPATH_SEARCH_PATHS = "$(inherited) @executable_path/Frameworks @loader_path/Frameworks";
				PRODUCT_BUNDLE_IDENTIFIER = "tech.hulet.V-A-P-O-R-B-O-A-R-DUITests";
				PRODUCT_NAME = "$(TARGET_NAME)";
				TEST_TARGET_NAME = "V A P O R B O A R D";
			};
			name = Debug;
		};
		4C0493F51D0BB60F0007BD2C /* Release */ = {
			isa = XCBuildConfiguration;
			buildSettings = {
				INFOPLIST_FILE = "V A P O R B O A R DUITests/Info.plist";
				LD_RUNPATH_SEARCH_PATHS = "$(inherited) @executable_path/Frameworks @loader_path/Frameworks";
				PRODUCT_BUNDLE_IDENTIFIER = "tech.hulet.V-A-P-O-R-B-O-A-R-DUITests";
				PRODUCT_NAME = "$(TARGET_NAME)";
				SWIFT_OPTIMIZATION_LEVEL = "-Owholemodule";
				TEST_TARGET_NAME = "V A P O R B O A R D";
			};
			name = Release;
		};
		4C0494031D0BB6A70007BD2C /* Debug */ = {
			isa = XCBuildConfiguration;
			buildSettings = {
				CODE_SIGN_IDENTITY = "iPhone Developer";
				INFOPLIST_FILE = "K E Y B O A R D/Info.plist";
				IPHONEOS_DEPLOYMENT_TARGET = 8.0;
				LD_RUNPATH_SEARCH_PATHS = "$(inherited) @executable_path/Frameworks @executable_path/../../Frameworks";
				PRODUCT_BUNDLE_IDENTIFIER = "tech.hulet.V-A-P-O-R-B-O-A-R-D.K-E-Y-B-O-A-R-D";
				PRODUCT_NAME = "$(TARGET_NAME)";
				SKIP_INSTALL = YES;
				SWIFT_VERSION = 2.3;
			};
			name = Debug;
		};
		4C0494041D0BB6A70007BD2C /* Release */ = {
			isa = XCBuildConfiguration;
			buildSettings = {
				CODE_SIGN_IDENTITY = "iPhone Developer";
				INFOPLIST_FILE = "K E Y B O A R D/Info.plist";
				IPHONEOS_DEPLOYMENT_TARGET = 8.0;
				LD_RUNPATH_SEARCH_PATHS = "$(inherited) @executable_path/Frameworks @executable_path/../../Frameworks";
				PRODUCT_BUNDLE_IDENTIFIER = "tech.hulet.V-A-P-O-R-B-O-A-R-D.K-E-Y-B-O-A-R-D";
				PRODUCT_NAME = "$(TARGET_NAME)";
				SKIP_INSTALL = YES;
				SWIFT_OPTIMIZATION_LEVEL = "-Owholemodule";
				SWIFT_VERSION = 2.3;
			};
			name = Release;
		};
/* End XCBuildConfiguration section */

/* Begin XCConfigurationList section */
		4C0493C01D0BB60F0007BD2C /* Build configuration list for PBXProject "V A P O R B O A R D" */ = {
			isa = XCConfigurationList;
			buildConfigurations = (
				4C0493EB1D0BB60F0007BD2C /* Debug */,
				4C0493EC1D0BB60F0007BD2C /* Release */,
			);
			defaultConfigurationIsVisible = 0;
			defaultConfigurationName = Release;
		};
		4C0493ED1D0BB60F0007BD2C /* Build configuration list for PBXNativeTarget "V A P O R B O A R D" */ = {
			isa = XCConfigurationList;
			buildConfigurations = (
				4C0493EE1D0BB60F0007BD2C /* Debug */,
				4C0493EF1D0BB60F0007BD2C /* Release */,
			);
			defaultConfigurationIsVisible = 0;
			defaultConfigurationName = Release;
		};
		4C0493F01D0BB60F0007BD2C /* Build configuration list for PBXNativeTarget "V A P O R B O A R DTests" */ = {
			isa = XCConfigurationList;
			buildConfigurations = (
				4C0493F11D0BB60F0007BD2C /* Debug */,
				4C0493F21D0BB60F0007BD2C /* Release */,
			);
			defaultConfigurationIsVisible = 0;
			defaultConfigurationName = Release;
		};
		4C0493F31D0BB60F0007BD2C /* Build configuration list for PBXNativeTarget "V A P O R B O A R DUITests" */ = {
			isa = XCConfigurationList;
			buildConfigurations = (
				4C0493F41D0BB60F0007BD2C /* Debug */,
				4C0493F51D0BB60F0007BD2C /* Release */,
			);
			defaultConfigurationIsVisible = 0;
			defaultConfigurationName = Release;
		};
		4C0494021D0BB6A70007BD2C /* Build configuration list for PBXNativeTarget "K E Y B O A R D" */ = {
			isa = XCConfigurationList;
			buildConfigurations = (
				4C0494031D0BB6A70007BD2C /* Debug */,
				4C0494041D0BB6A70007BD2C /* Release */,
			);
			defaultConfigurationIsVisible = 0;
			defaultConfigurationName = Release;
		};
/* End XCConfigurationList section */
	};
	rootObject = 4C0493BD1D0BB60F0007BD2C /* Project object */;
}
